<?xml version="1.0" encoding="UTF-8" standalone="yes" ?>
<CodeBlocks_project_file>
	<FileVersion major="1" minor="6" />
	<Project>
		<Option title="Plotter" />
		<Option pch_mode="2" />
		<Option compiler="gcc" />
		<Build>
			<Target title="Debug">
				<Option output="bin/Debug/Plotter" prefix_auto="1" extension_auto="1" />
				<Option object_output="obj/Debug/" />
				<Option type="1" />
				<Option compiler="gcc" />
				<Compiler>
					<Add option="-pg" />
					<Add option="-g" />
					<Add directory="include" />
				</Compiler>
				<Linker>
					<Add option="-pg -lgmon" />
					<Add library="sfml-graphics-d" />
					<Add library="sfml-window-d" />
					<Add library="sfml-system-d" />
					<Add library="sfml-audio-d" />
					<Add library="sfml-network-d" />
				</Linker>
			</Target>
			<Target title="Release">
				<Option output="bin/Release/Plotter" prefix_auto="1" extension_auto="1" />
				<Option object_output="obj/Release/" />
				<Option type="0" />
				<Option compiler="gcc" />
				<Compiler>
					<Add option="-O2" />
					<Add directory="include" />
				</Compiler>
				<Linker>
					<Add library="sfml-graphics" />
					<Add library="sfml-window" />
					<Add library="sfml-system" />
					<Add library="sfml-audio" />
					<Add library="sfml-network" />
				</Linker>
			</Target>
		</Build>
		<Compiler>
			<Add option="-Wall" />
			<Add directory="C:/ExtLibs/SFML-2.3/include" />
		</Compiler>
		<Linker>
			<Add library="opengl32" />
			<Add directory="C:/ExtLibs/SFML-2.3/lib" />
		</Linker>
		<Unit filename="include/Button.h" />
		<Unit filename="include/Curve.h" />
		<Unit filename="include/Evaluate.h" />
		<Unit filename="include/Expression.h" />
		<Unit filename="include/FuncSig.h" />
		<Unit filename="include/Function.h.h" />
		<Unit filename="include/Term.h" />
		<Unit filename="include/TextBox.h" />
		<Unit filename="include/Token.h" />
		<Unit filename="include/expression-temp.h" />
		<Unit filename="include/function.h" />
		<Unit filename="include/gridFunc.h" />
		<Unit filename="include/lexer21.h" />
		<Unit filename="include/util.h" />
		<Unit filename="resource/resources.rc">
			<Option compilerVar="WINDRES" />
		</Unit>
		<Unit filename="src/Button.cpp" />
		<Unit filename="src/Curve.cpp" />
		<Unit filename="src/Expression.cpp" />
		<Unit filename="src/FuncSig.cpp" />
		<Unit filename="src/PreDefFunc.cpp" />
		<Unit filename="src/Term.cpp" />
		<Unit filename="src/TextBox.cpp" />
		<Unit filename="src/Token.cpp" />
		<Unit filename="src/gridFunc.cpp" />
		<Unit filename="src/main.cpp" />
		<Unit filename="src/temp.cpp">
			<Option compile="0" />
			<Option link="0" />
		</Unit>
		<Extensions>
			<code_completion />
			<envvars />
			<debugger />
			<lib_finder disable_auto="1" />
			<DoxyBlocks>
				<comment_style block="0" line="0" />
				<doxyfile_project />
				<doxyfile_build />
				<doxyfile_warnings />
				<doxyfile_output />
				<doxyfile_dot />
				<general />
			</DoxyBlocks>
		</Extensions>
	</Project>
</CodeBlocks_project_file>
